{
  "name": "@angular-material-extensions/pages-demo",
  "version": "0.0.0",
  "lockfileVersion": 1,
  "requires": true,
  "dependencies": {
    "@angular/animations": {
      "version": "7.1.1",
      "resolved": "https://registry.npmjs.org/@angular/animations/-/animations-7.1.1.tgz",
      "integrity": "sha512-iTNxhPPraCZsE4rgM23lguT1kDV4mfYAr+Bsi5J0+v9ZJA+VaKvi6eRW8ZGrx4/rDz6hzTnBn1jgPppHFbsOcw==",
      "requires": {
        "tslib": "^1.9.0"
      }
    },
    "@angular/cdk": {
      "version": "7.1.0",
      "resolved": "https://registry.npmjs.org/@angular/cdk/-/cdk-7.1.0.tgz",
      "integrity": "sha512-dY740pKcIRtKr6n6NomrgqfdEj988urTZ9I/bfJjxF5fdhnSjyhEvDlB55EHsrF+bTTZbZXRmv7AwOQ9GJnD9w==",
      "requires": {
        "parse5": "^5.0.0",
        "tslib": "^1.7.1"
      }
    },
    "@angular/common": {
      "version": "7.1.1",
      "resolved": "https://registry.npmjs.org/@angular/common/-/common-7.1.1.tgz",
      "integrity": "sha512-SngekFx9v39sjgi9pON0Wehxpu+NdUk7OEebw4Fa8dKqTgydTkuhmnNH+9WQe264asoeCt51oufPRjIqMLNohA==",
      "requires": {
        "tslib": "^1.9.0"
      }
    },
    "@angular/compiler": {
      "version": "7.1.1",
      "resolved": "https://registry.npmjs.org/@angular/compiler/-/compiler-7.1.1.tgz",
      "integrity": "sha512-oJvBe8XZ+DXF/W/DxWBTbBcixJTuPeZWdkcZIGWhJoQP7K5GnGnj8ffP9Lp6Dh4TKv85awtC6OfIKhbHxa650Q==",
      "requires": {
        "tslib": "^1.9.0"
      }
    },
    "@angular/core": {
      "version": "7.1.1",
      "resolved": "https://registry.npmjs.org/@angular/core/-/core-7.1.1.tgz",
      "integrity": "sha512-Osig5SRgDRQ+Hec/liN7nq/BCJieB+4/pqRh9rFbOXezb2ptgRZqdXOXN8P17i4AwPVf308Mh55V0niJ5Eu3Rw==",
      "requires": {
        "tslib": "^1.9.0"
      }
    },
    "@angular/flex-layout": {
      "version": "7.0.0-beta.19",
      "resolved": "https://registry.npmjs.org/@angular/flex-layout/-/flex-layout-7.0.0-beta.19.tgz",
      "integrity": "sha512-MXq+zZ6/s5/+GsL9fZ42mKL0LjZ/+L0sVU5FaQuSAJ57soLl5QAGWvdxVmROtqcHd3Htp35R49nKSZBJ0nfAjg==",
      "requires": {
        "tslib": "^1.7.1"
      }
    },
    "@angular/forms": {
      "version": "7.1.1",
      "resolved": "https://registry.npmjs.org/@angular/forms/-/forms-7.1.1.tgz",
      "integrity": "sha512-yCWuPjpu23Wc3XUw7v/ACNn/e249oT0bYlM8aaMQ1F5OwrmmC4NJC12Rpl9Ihza61RIHIKzNcHVEgzc7WhcSag==",
      "requires": {
        "tslib": "^1.9.0"
      }
    },
    "@angular/http": {
      "version": "7.1.1",
      "resolved": "https://registry.npmjs.org/@angular/http/-/http-7.1.1.tgz",
      "integrity": "sha512-pRk+c/kz9aJ8te5xzCxlPLpFnwB0d/E9YkOo3/ydaXF9vZw13RTzk00YyzJ41PDzJf8oPDdXtueTQ+vtJ7Srtw==",
      "requires": {
        "tslib": "^1.9.0"
      }
    },
    "@angular/material": {
      "version": "7.1.0",
      "resolved": "https://registry.npmjs.org/@angular/material/-/material-7.1.0.tgz",
      "integrity": "sha512-bgotNpSfGLjNZ1AcTyhs6XS7trF4I7UHwQmfa0l8y3Gf9plwErPDfQe2XqnayRyG9nTwHj9f1lQ45X5mr3/0/A==",
      "requires": {
        "tslib": "^1.7.1"
      }
    },
    "@angular/platform-browser": {
      "version": "7.1.1",
      "resolved": "https://registry.npmjs.org/@angular/platform-browser/-/platform-browser-7.1.1.tgz",
      "integrity": "sha512-I6OPjecynGJSbPtzu0gvEgSmIR6X6/xEAhg4L9PycW1ryjzptTC9klWRTWIqsIBqMxhVnY44uKLeRNrDwMOwyA==",
      "requires": {
        "tslib": "^1.9.0"
      }
    },
    "@angular/platform-browser-dynamic": {
      "version": "7.1.1",
      "resolved": "https://registry.npmjs.org/@angular/platform-browser-dynamic/-/platform-browser-dynamic-7.1.1.tgz",
      "integrity": "sha512-ZIu48Vn4S6gjD7CMbGlKGaPQ8v9rYkWzlNYi4vTYzgiqKKNC3hqLsVESU3mSvr5oeQBxSIBidTdHSyafHFrA2w==",
      "requires": {
        "tslib": "^1.9.0"
      }
    },
    "@angular/platform-server": {
      "version": "7.1.1",
      "resolved": "https://registry.npmjs.org/@angular/platform-server/-/platform-server-7.1.1.tgz",
      "integrity": "sha512-wG9Xk8R6rWkWIfDQ31IwrL7gAu0gRx/vJW2We1kz1hHKOqnCB22qOTEaFY0hPfKFlwvwcZknm4KFXAizA8ub4A==",
      "requires": {
        "domino": "^2.1.0",
        "tslib": "^1.9.0",
        "xhr2": "^0.1.4"
      }
    },
    "@angular/router": {
      "version": "7.1.1",
      "resolved": "https://registry.npmjs.org/@angular/router/-/router-7.1.1.tgz",
      "integrity": "sha512-jbnqEq/1iDBkeH8Vn13hauGPTzhwllWM+MLfmdNGTiMzGRx4pmkWa57seDOeBF/GNYBL9JjkWTCrkKFAc2FJKw==",
      "requires": {
        "tslib": "^1.9.0"
      }
    },
    "@ng-bootstrap/ng-bootstrap": {
      "version": "4.0.0",
      "resolved": "https://registry.npmjs.org/@ng-bootstrap/ng-bootstrap/-/ng-bootstrap-4.0.0.tgz",
      "integrity": "sha512-jWVHRDUYppOSvzclP9d3lVWGUO+y0X9W6jdfyYehDkJCY0MFgtwefLYMtQ/NJ4niPzm2d/zZn+Bte48iIn0nKw==",
      "requires": {
        "tslib": "^1.9.0"
      }
    },
    "bootstrap": {
      "version": "4.1.3",
      "resolved": "https://registry.npmjs.org/bootstrap/-/bootstrap-4.1.3.tgz",
      "integrity": "sha512-rDFIzgXcof0jDyjNosjv4Sno77X4KuPeFxG2XZZv1/Kc8DRVGVADdoQyyOVDwPqL36DDmtCQbrpMCqvpPLJQ0w=="
    },
    "core-js": {
      "version": "2.5.7",
      "resolved": "https://registry.npmjs.org/core-js/-/core-js-2.5.7.tgz",
      "integrity": "sha512-RszJCAxg/PP6uzXVXL6BsxSXx/B05oJAQ2vkJRjyjrEcNVycaqOmNb5OTxZPE3xa5gwZduqza6L9JOCenh/Ecw=="
    },
    "domino": {
      "version": "2.1.0",
      "resolved": "https://registry.npmjs.org/domino/-/domino-2.1.0.tgz",
      "integrity": "sha512-xINSODvrnuQcm3eXJN4IkBR+JxqLrJN8Ge4fd00y1b7HsY0A4huKN5BflSS/oo8quBWmocTfWdFvrw2H8TjGqQ=="
    },
    "font-awesome": {
      "version": "4.7.0",
      "resolved": "https://registry.npmjs.org/font-awesome/-/font-awesome-4.7.0.tgz",
      "integrity": "sha1-j6jPBBGhoxr9B7BtKQK7n8gVoTM="
    },
    "include-media": {
      "version": "1.4.9",
      "resolved": "https://registry.npmjs.org/include-media/-/include-media-1.4.9.tgz",
      "integrity": "sha1-0AILe+PrLVSGiiCUNZXOOA4LxDs="
    },
    "material-design-icons": {
      "version": "3.0.1",
      "resolved": "https://registry.npmjs.org/material-design-icons/-/material-design-icons-3.0.1.tgz",
      "integrity": "sha1-mnHEh0chjrylHlGmbaaCA4zct78="
    },
    "ngx-clipboard": {
      "version": "11.1.9",
      "resolved": "https://registry.npmjs.org/ngx-clipboard/-/ngx-clipboard-11.1.9.tgz",
      "integrity": "sha512-xF54Ibt/04g2B5SnYylNz7ESP1/thuC7odo+0bKkgbCC873NaqP1VTVx/umh/cnezlXKu8zuWNzzg05tvfgaJg==",
      "requires": {
        "ngx-window-token": "^1.0.2",
        "tslib": "^1.9.0"
      }
    },
    "ngx-disqus": {
      "version": "2.4.3",
      "resolved": "https://registry.npmjs.org/ngx-disqus/-/ngx-disqus-2.4.3.tgz",
      "integrity": "sha512-Fyby5h8LnLuQBW8t8vv1r9XsiMh3+71+gCxhHu6dAhqkjUemeq3PO6DiPGgy+Ojt2aIDIWJd72wq99xDEhHxUg==",
      "requires": {
        "tslib": "^1.9.0"
      }
    },
    "ngx-highlightjs": {
      "version": "2.1.4",
      "resolved": "https://registry.npmjs.org/ngx-highlightjs/-/ngx-highlightjs-2.1.4.tgz",
      "integrity": "sha512-MYPWdKg1hQhVrsPTNRhUP0n+dTxVIeuiGPLttkO3v1au9+ytk/AbFO8qtDZSMYhUZHVER+16t9M74pJFM5AXeQ==",
      "requires": {
        "tslib": "^1.9.0"
      }
    },
    "ngx-window-token": {
      "version": "1.0.2",
      "resolved": "https://registry.npmjs.org/ngx-window-token/-/ngx-window-token-1.0.2.tgz",
      "integrity": "sha512-bFgvi7MYSK1p4b3Mqvn9+biXaO8QDEbpP2sEMSwr0Zgrwh6zCO3F92a6SIIzusqpZBAhxyfVSqj3mO5qIxlM5Q==",
      "requires": {
        "tslib": "^1.9.0"
      }
    },
    "parse5": {
      "version": "5.1.0",
      "resolved": "https://registry.npmjs.org/parse5/-/parse5-5.1.0.tgz",
      "integrity": "sha512-fxNG2sQjHvlVAYmzBZS9YlDp6PTSSDwa98vkD4QgVDDCAo84z5X1t5XyJQ62ImdLXx5NdIIfihey6xpum9/gRQ==",
      "optional": true
    },
    "rxjs": {
      "version": "6.3.3",
      "resolved": "https://registry.npmjs.org/rxjs/-/rxjs-6.3.3.tgz",
      "integrity": "sha512-JTWmoY9tWCs7zvIk/CvRjhjGaOd+OVBM987mxFo+OW66cGpdKjZcpmc74ES1sB//7Kl/PAe8+wEakuhG4pcgOw==",
      "requires": {
        "tslib": "^1.9.0"
      }
    },
    "rxjs-compat": {
      "version": "6.3.3",
      "resolved": "https://registry.npmjs.org/rxjs-compat/-/rxjs-compat-6.3.3.tgz",
      "integrity": "sha512-caGN7ixiabHpOofginKEquuHk7GgaCrC7UpUQ9ZqGp80tMc68msadOeP/2AKy2R4YJsT1+TX5GZCtxO82qWkyA=="
    },
    "tslib": {
      "version": "1.9.3",
      "resolved": "https://registry.npmjs.org/tslib/-/tslib-1.9.3.tgz",
      "integrity": "sha512-4krF8scpejhaOgqzBEcGM7yDIEfi0/8+8zDRZhNZZ2kjmHJ4hv3zCbQWxoJGz1iw5U0Jl0nma13xzHXcncMavQ=="
    },
    "xhr2": {
      "version": "0.1.4",
      "resolved": "https://registry.npmjs.org/xhr2/-/xhr2-0.1.4.tgz",
      "integrity": "sha1-f4dliEdxbbUCYyOBL4GMras4el8="
    },
    "zone.js": {
      "version": "0.8.26",
      "resolved": "https://registry.npmjs.org/zone.js/-/zone.js-0.8.26.tgz",
      "integrity": "sha512-W9Nj+UmBJG251wkCacIkETgra4QgBo/vgoEkb4a2uoLzpQG7qF9nzwoLXWU5xj3Fg2mxGvEDh47mg24vXccYjA=="
    }
  }
}
